
Microsoft Visual Studio Solution File, Format Version 12.00
# Visual Studio Version 17
VisualStudioVersion = 17.4.33213.308
MinimumVisualStudioVersion = 10.0.40219.1
Project("{FAE04EC0-301F-11D3-BF4B-00C04F79EFBC}") = "Location_VVA", "Location_VVA\Location_VVA.csproj", "{9A354351-B8CC-4579-B31E-F92621B38664}"
EndProject
Global
	GlobalSection(SolutionConfigurationPlatforms) = preSolution
		Debug|Any CPU = Debug|Any CPU
		Release|Any CPU = Release|Any CPU
	EndGlobalSection
	GlobalSection(ProjectConfigurationPlatforms) = postSolution
		{9A354351-B8CC-4579-B31E-F92621B38664}.Debug|Any CPU.ActiveCfg = Debug|Any CPU
		{9A354351-B8CC-4579-B31E-F92621B38664}.Debug|Any CPU.Build.0 = Debug|Any CPU
		{9A354351-B8CC-4579-B31E-F92621B38664}.Release|Any CPU.ActiveCfg = Release|Any CPU
		{9A354351-B8CC-4579-B31E-F92621B38664}.Release|Any CPU.Build.0 = Release|Any CPU
	EndGlobalSection
	GlobalSection(SolutionProperties) = preSolution
		HideSolutionNode = FALSE
	EndGlobalSection
	GlobalSection(ExtensibilityGlobals) = postSolution
		SolutionGuid = {F12FB1CD-6A4C-4775-9597-F68806AB8DF1}
	EndGlobalSection
EndGlobal
